{
    "version": 3,
    "terraform_version": "0.9.11",
    "serial": 36,
    "lineage": "f7363b91-033c-41a9-86f9-0ea76d05c038",
    "modules": [
        {
            "path": [
                "root"
            ],
            "outputs": {},
            "resources": {
                "aws_elb.red_elb": {
                    "type": "aws_elb",
                    "depends_on": [
                        "module.aws_docker_amb_az_a",
                        "module.aws_docker_amb_az_b",
                        "module.aws_vpc"
                    ],
                    "primary": {
                        "id": "tf-lb-0001d9cdb9b0965a76d47e18a1",
                        "attributes": {
                            "access_logs.#": "0",
                            "availability_zones.#": "2",
                            "availability_zones.1501760113": "eu-west-2b",
                            "availability_zones.3230292939": "eu-west-2a",
                            "connection_draining": "true",
                            "connection_draining_timeout": "400",
                            "cross_zone_load_balancing": "true",
                            "dns_name": "tf-lb-0001d9cdb9b0965a76d47e18a1-714535491.eu-west-2.elb.amazonaws.com",
                            "health_check.#": "1",
                            "health_check.0.healthy_threshold": "2",
                            "health_check.0.interval": "20",
                            "health_check.0.target": "HTTP:8080/health",
                            "health_check.0.timeout": "3",
                            "health_check.0.unhealthy_threshold": "2",
                            "id": "tf-lb-0001d9cdb9b0965a76d47e18a1",
                            "idle_timeout": "400",
                            "instances.#": "2",
                            "instances.3149665203": "i-0379fd8444923669f",
                            "instances.3585342581": "i-0fe01a62b67e33ac9",
                            "internal": "false",
                            "listener.#": "1",
                            "listener.3931999347.instance_port": "8080",
                            "listener.3931999347.instance_protocol": "http",
                            "listener.3931999347.lb_port": "80",
                            "listener.3931999347.lb_protocol": "http",
                            "listener.3931999347.ssl_certificate_id": "",
                            "name": "tf-lb-0001d9cdb9b0965a76d47e18a1",
                            "security_groups.#": "1",
                            "security_groups.3678660388": "sg-abbdf3c2",
                            "source_security_group": "100109945910/dev_red_sg",
                            "source_security_group_id": "sg-abbdf3c2",
                            "subnets.#": "2",
                            "subnets.2230827511": "subnet-5fda6424",
                            "subnets.2431523064": "subnet-7e3bef33",
                            "tags.%": "0",
                            "zone_id": "ZHURV8PSTC4K8"
                        },
                        "meta": {},
                        "tainted": false
                    },
                    "deposed": [],
                    "provider": ""
                }
            },
            "depends_on": []
        },
        {
            "path": [
                "root",
                "aws_aurora_cluster"
            ],
            "outputs": {
                "cluster_endpoint": {
                    "sensitive": false,
                    "type": "string",
                    "value": "dev-aurora-cluster.cluster-c6guvwfm8qbb.eu-west-2.rds.amazonaws.com"
                },
                "cluster_port": {
                    "sensitive": false,
                    "type": "string",
                    "value": "3306"
                },
                "depends_id": {
                    "sensitive": false,
                    "type": "string",
                    "value": "3732700066338033889"
                }
            },
            "resources": {
                "aws_db_subnet_group.aurora_subnet_group": {
                    "type": "aws_db_subnet_group",
                    "depends_on": [],
                    "primary": {
                        "id": "dev_aurora_db_subnet_group",
                        "attributes": {
                            "arn": "arn:aws:rds:eu-west-2:100109945910:subgrp:dev_aurora_db_subnet_group",
                            "description": "Allowed subnets for Aurora DB cluster instances",
                            "id": "dev_aurora_db_subnet_group",
                            "name": "dev_aurora_db_subnet_group",
                            "subnet_ids.#": "2",
                            "subnet_ids.3489242322": "subnet-86db65fd",
                            "subnet_ids.3630639727": "subnet-c93bef84",
                            "tags.%": "3",
                            "tags.Environment": "dev",
                            "tags.ManagedBy": "terraform",
                            "tags.Name": "dev-Aurora-DB-Subnet-Group"
                        },
                        "meta": {},
                        "tainted": false
                    },
                    "deposed": [],
                    "provider": ""
                },
                "aws_rds_cluster.aurora_rds_cluster": {
                    "type": "aws_rds_cluster",
                    "depends_on": [
                        "aws_db_subnet_group.aurora_subnet_group"
                    ],
                    "primary": {
                        "id": "dev-aurora-cluster",
                        "attributes": {
                            "availability_zones.#": "2",
                            "availability_zones.1501760113": "eu-west-2b",
                            "availability_zones.3230292939": "eu-west-2a",
                            "backup_retention_period": "14",
                            "cluster_identifier": "dev-aurora-cluster",
                            "cluster_members.#": "2",
                            "cluster_members.2036393036": "dev-aurora-instance-0",
                            "cluster_members.241685722": "dev-aurora-instance-1",
                            "cluster_resource_id": "cluster-Q3LDJAJ45JJMFVZAFZ4N3GZNFQ",
                            "database_name": "devdb",
                            "db_cluster_parameter_group_name": "default.aurora5.6",
                            "db_subnet_group_name": "dev_aurora_db_subnet_group",
                            "endpoint": "dev-aurora-cluster.cluster-c6guvwfm8qbb.eu-west-2.rds.amazonaws.com",
                            "engine": "aurora",
                            "iam_database_authentication_enabled": "false",
                            "id": "dev-aurora-cluster",
                            "kms_key_id": "",
                            "master_password": "devpassword",
                            "master_username": "devadmin",
                            "port": "3306",
                            "preferred_backup_window": "02:00-03:00",
                            "preferred_maintenance_window": "wed:03:00-wed:04:00",
                            "reader_endpoint": "dev-aurora-cluster.cluster-ro-c6guvwfm8qbb.eu-west-2.rds.amazonaws.com",
                            "replication_source_identifier": "",
                            "skip_final_snapshot": "true",
                            "storage_encrypted": "false",
                            "tags.%": "3",
                            "tags.Environment": "dev",
                            "tags.ManagedBy": "terraform",
                            "tags.Name": "dev-Aurora-DB-Cluster",
                            "vpc_security_group_ids.#": "1",
                            "vpc_security_group_ids.1569816570": "sg-bdbaf4d4"
                        },
                        "meta": {
                            "e2bfb730-ecaa-11e6-8f88-34363bc7c4c0": {
                                "create": 7200000000000,
                                "delete": 7200000000000,
                                "update": 7200000000000
                            }
                        },
                        "tainted": false
                    },
                    "deposed": [],
                    "provider": ""
                },
                "aws_rds_cluster_instance.aurora_cluster_instance.0": {
                    "type": "aws_rds_cluster_instance",
                    "depends_on": [
                        "aws_db_subnet_group.aurora_subnet_group",
                        "aws_rds_cluster.aurora_rds_cluster"
                    ],
                    "primary": {
                        "id": "dev-aurora-instance-0",
                        "attributes": {
                            "auto_minor_version_upgrade": "true",
                            "cluster_identifier": "dev-aurora-cluster",
                            "db_parameter_group_name": "default.aurora5.6",
                            "db_subnet_group_name": "dev_aurora_db_subnet_group",
                            "endpoint": "dev-aurora-instance-0.c6guvwfm8qbb.eu-west-2.rds.amazonaws.com",
                            "id": "dev-aurora-instance-0",
                            "identifier": "dev-aurora-instance-0",
                            "instance_class": "db.t2.small",
                            "kms_key_id": "",
                            "monitoring_interval": "0",
                            "port": "3306",
                            "preferred_backup_window": "02:00-03:00",
                            "preferred_maintenance_window": "sun:12:52-sun:13:22",
                            "promotion_tier": "0",
                            "publicly_accessible": "false",
                            "storage_encrypted": "false",
                            "tags.%": "3",
                            "tags.Environment": "dev",
                            "tags.ManagedBy": "terraform",
                            "tags.Name": "dev-Aurora-DB-Instance-0",
                            "writer": "true"
                        },
                        "meta": {
                            "e2bfb730-ecaa-11e6-8f88-34363bc7c4c0": {
                                "create": 5400000000000,
                                "delete": 5400000000000,
                                "update": 5400000000000
                            }
                        },
                        "tainted": false
                    },
                    "deposed": [],
                    "provider": ""
                },
                "aws_rds_cluster_instance.aurora_cluster_instance.1": {
                    "type": "aws_rds_cluster_instance",
                    "depends_on": [
                        "aws_db_subnet_group.aurora_subnet_group",
                        "aws_rds_cluster.aurora_rds_cluster"
                    ],
                    "primary": {
                        "id": "dev-aurora-instance-1",
                        "attributes": {
                            "auto_minor_version_upgrade": "true",
                            "cluster_identifier": "dev-aurora-cluster",
                            "db_parameter_group_name": "default.aurora5.6",
                            "db_subnet_group_name": "dev_aurora_db_subnet_group",
                            "endpoint": "dev-aurora-instance-1.c6guvwfm8qbb.eu-west-2.rds.amazonaws.com",
                            "id": "dev-aurora-instance-1",
                            "identifier": "dev-aurora-instance-1",
                            "instance_class": "db.t2.small",
                            "kms_key_id": "",
                            "monitoring_interval": "0",
                            "port": "3306",
                            "preferred_backup_window": "02:00-03:00",
                            "preferred_maintenance_window": "sat:06:57-sat:07:27",
                            "promotion_tier": "0",
                            "publicly_accessible": "false",
                            "storage_encrypted": "false",
                            "tags.%": "3",
                            "tags.Environment": "dev",
                            "tags.ManagedBy": "terraform",
                            "tags.Name": "dev-Aurora-DB-Instance-1",
                            "writer": "false"
                        },
                        "meta": {
                            "e2bfb730-ecaa-11e6-8f88-34363bc7c4c0": {
                                "create": 5400000000000,
                                "delete": 5400000000000,
                                "update": 5400000000000
                            }
                        },
                        "tainted": false
                    },
                    "deposed": [],
                    "provider": ""
                },
                "null_resource.dummy_dependency": {
                    "type": "null_resource",
                    "depends_on": [
                        "aws_rds_cluster_instance.aurora_cluster_instance"
                    ],
                    "primary": {
                        "id": "3732700066338033889",
                        "attributes": {
                            "id": "3732700066338033889"
                        },
                        "meta": {},
                        "tainted": false
                    },
                    "deposed": [],
                    "provider": ""
                }
            },
            "depends_on": []
        },
        {
            "path": [
                "root",
                "aws_docker_amb_az_a"
            ],
            "outputs": {
                "instance_id": {
                    "sensitive": false,
                    "type": "string",
                    "value": "i-0379fd8444923669f"
                }
            },
            "resources": {
                "aws_instance.docker": {
                    "type": "aws_instance",
                    "depends_on": [],
                    "primary": {
                        "id": "i-0379fd8444923669f",
                        "attributes": {
                            "ami": "ami-ed100689",
                            "associate_public_ip_address": "true",
                            "availability_zone": "eu-west-2a",
                            "disable_api_termination": "false",
                            "ebs_block_device.#": "0",
                            "ebs_optimized": "false",
                            "ephemeral_block_device.#": "0",
                            "iam_instance_profile": "",
                            "id": "i-0379fd8444923669f",
                            "instance_state": "running",
                            "instance_type": "t2.medium",
                            "ipv6_addresses.#": "0",
                            "key_name": "sverze-dev",
                            "monitoring": "false",
                            "network_interface.#": "0",
                            "network_interface_id": "eni-a88931d2",
                            "primary_network_interface_id": "eni-a88931d2",
                            "private_dns": "ip-10-0-3-150.eu-west-2.compute.internal",
                            "private_ip": "10.0.3.150",
                            "public_dns": "ec2-35-176-170-152.eu-west-2.compute.amazonaws.com",
                            "public_ip": "35.176.170.152",
                            "root_block_device.#": "1",
                            "root_block_device.0.delete_on_termination": "true",
                            "root_block_device.0.iops": "100",
                            "root_block_device.0.volume_size": "8",
                            "root_block_device.0.volume_type": "gp2",
                            "security_groups.#": "0",
                            "source_dest_check": "true",
                            "subnet_id": "subnet-9bda64e0",
                            "tags.%": "0",
                            "tenancy": "default",
                            "volume_tags.%": "0",
                            "vpc_security_group_ids.#": "1",
                            "vpc_security_group_ids.3242686469": "sg-55bbf53c"
                        },
                        "meta": {
                            "e2bfb730-ecaa-11e6-8f88-34363bc7c4c0": {
                                "create": 600000000000,
                                "delete": 600000000000,
                                "update": 600000000000
                            },
                            "schema_version": "1"
                        },
                        "tainted": false
                    },
                    "deposed": [],
                    "provider": ""
                }
            },
            "depends_on": []
        },
        {
            "path": [
                "root",
                "aws_docker_amb_az_b"
            ],
            "outputs": {
                "instance_id": {
                    "sensitive": false,
                    "type": "string",
                    "value": "i-0fe01a62b67e33ac9"
                }
            },
            "resources": {
                "aws_instance.docker": {
                    "type": "aws_instance",
                    "depends_on": [],
                    "primary": {
                        "id": "i-0fe01a62b67e33ac9",
                        "attributes": {
                            "ami": "ami-ed100689",
                            "associate_public_ip_address": "true",
                            "availability_zone": "eu-west-2b",
                            "disable_api_termination": "false",
                            "ebs_block_device.#": "0",
                            "ebs_optimized": "false",
                            "ephemeral_block_device.#": "0",
                            "iam_instance_profile": "",
                            "id": "i-0fe01a62b67e33ac9",
                            "instance_state": "running",
                            "instance_type": "t2.medium",
                            "ipv6_addresses.#": "0",
                            "key_name": "sverze-dev",
                            "monitoring": "false",
                            "network_interface.#": "0",
                            "network_interface_id": "eni-f03a32bd",
                            "primary_network_interface_id": "eni-f03a32bd",
                            "private_dns": "ip-10-0-4-182.eu-west-2.compute.internal",
                            "private_ip": "10.0.4.182",
                            "public_dns": "ec2-52-56-175-215.eu-west-2.compute.amazonaws.com",
                            "public_ip": "52.56.175.215",
                            "root_block_device.#": "1",
                            "root_block_device.0.delete_on_termination": "true",
                            "root_block_device.0.iops": "100",
                            "root_block_device.0.volume_size": "8",
                            "root_block_device.0.volume_type": "gp2",
                            "security_groups.#": "0",
                            "source_dest_check": "true",
                            "subnet_id": "subnet-7d38ec30",
                            "tags.%": "0",
                            "tenancy": "default",
                            "volume_tags.%": "0",
                            "vpc_security_group_ids.#": "1",
                            "vpc_security_group_ids.3242686469": "sg-55bbf53c"
                        },
                        "meta": {
                            "e2bfb730-ecaa-11e6-8f88-34363bc7c4c0": {
                                "create": 600000000000,
                                "delete": 600000000000,
                                "update": 600000000000
                            },
                            "schema_version": "1"
                        },
                        "tainted": false
                    },
                    "deposed": [],
                    "provider": ""
                }
            },
            "depends_on": []
        },
        {
            "path": [
                "root",
                "aws_vpc"
            ],
            "outputs": {
                "amb_sg_id": {
                    "sensitive": false,
                    "type": "string",
                    "value": "sg-55bbf53c"
                },
                "amb_sn_az_a_id": {
                    "sensitive": false,
                    "type": "string",
                    "value": "subnet-9bda64e0"
                },
                "amb_sn_az_b_id": {
                    "sensitive": false,
                    "type": "string",
                    "value": "subnet-7d38ec30"
                },
                "grn_sg_id": {
                    "sensitive": false,
                    "type": "string",
                    "value": "sg-bdbaf4d4"
                },
                "grn_sn_az_a_id": {
                    "sensitive": false,
                    "type": "string",
                    "value": "subnet-86db65fd"
                },
                "grn_sn_az_b_id": {
                    "sensitive": false,
                    "type": "string",
                    "value": "subnet-c93bef84"
                },
                "red_sg_id": {
                    "sensitive": false,
                    "type": "string",
                    "value": "sg-abbdf3c2"
                },
                "red_sn_az_a_id": {
                    "sensitive": false,
                    "type": "string",
                    "value": "subnet-5fda6424"
                },
                "red_sn_az_b_id": {
                    "sensitive": false,
                    "type": "string",
                    "value": "subnet-7e3bef33"
                },
                "vpc_id": {
                    "sensitive": false,
                    "type": "string",
                    "value": "vpc-c71990ae"
                }
            },
            "resources": {
                "aws_internet_gateway.internet_gateway": {
                    "type": "aws_internet_gateway",
                    "depends_on": [
                        "aws_vpc.vpc"
                    ],
                    "primary": {
                        "id": "igw-6ade7603",
                        "attributes": {
                            "id": "igw-6ade7603",
                            "tags.%": "1",
                            "tags.Name": "dev_internet_gateway",
                            "vpc_id": "vpc-c71990ae"
                        },
                        "meta": {},
                        "tainted": false
                    },
                    "deposed": [],
                    "provider": ""
                },
                "aws_route.route": {
                    "type": "aws_route",
                    "depends_on": [
                        "aws_internet_gateway.internet_gateway",
                        "aws_vpc.vpc"
                    ],
                    "primary": {
                        "id": "r-rtb-fd9f03941080289494",
                        "attributes": {
                            "destination_cidr_block": "0.0.0.0/0",
                            "destination_prefix_list_id": "",
                            "egress_only_gateway_id": "",
                            "gateway_id": "igw-6ade7603",
                            "id": "r-rtb-fd9f03941080289494",
                            "instance_id": "",
                            "instance_owner_id": "",
                            "nat_gateway_id": "",
                            "network_interface_id": "",
                            "origin": "CreateRoute",
                            "route_table_id": "rtb-fd9f0394",
                            "state": "active",
                            "vpc_peering_connection_id": ""
                        },
                        "meta": {},
                        "tainted": false
                    },
                    "deposed": [],
                    "provider": ""
                },
                "aws_security_group.amb_sg": {
                    "type": "aws_security_group",
                    "depends_on": [
                        "aws_vpc.vpc"
                    ],
                    "primary": {
                        "id": "sg-55bbf53c",
                        "attributes": {
                            "description": "Managed by Terraform",
                            "egress.#": "1",
                            "egress.482069346.cidr_blocks.#": "1",
                            "egress.482069346.cidr_blocks.0": "0.0.0.0/0",
                            "egress.482069346.from_port": "0",
                            "egress.482069346.ipv6_cidr_blocks.#": "0",
                            "egress.482069346.prefix_list_ids.#": "0",
                            "egress.482069346.protocol": "-1",
                            "egress.482069346.security_groups.#": "0",
                            "egress.482069346.self": "false",
                            "egress.482069346.to_port": "0",
                            "id": "sg-55bbf53c",
                            "ingress.#": "2",
                            "ingress.1552455267.cidr_blocks.#": "2",
                            "ingress.1552455267.cidr_blocks.0": "10.0.1.0/24",
                            "ingress.1552455267.cidr_blocks.1": "10.0.2.0/24",
                            "ingress.1552455267.from_port": "8080",
                            "ingress.1552455267.ipv6_cidr_blocks.#": "0",
                            "ingress.1552455267.protocol": "tcp",
                            "ingress.1552455267.security_groups.#": "0",
                            "ingress.1552455267.self": "false",
                            "ingress.1552455267.to_port": "8080",
                            "ingress.380144205.cidr_blocks.#": "1",
                            "ingress.380144205.cidr_blocks.0": "81.97.16.0/24",
                            "ingress.380144205.from_port": "22",
                            "ingress.380144205.ipv6_cidr_blocks.#": "0",
                            "ingress.380144205.protocol": "tcp",
                            "ingress.380144205.security_groups.#": "0",
                            "ingress.380144205.self": "false",
                            "ingress.380144205.to_port": "22",
                            "name": "dev_amb_sg",
                            "owner_id": "100109945910",
                            "tags.%": "1",
                            "tags.Name": "dev_amb_sg",
                            "vpc_id": "vpc-c71990ae"
                        },
                        "meta": {},
                        "tainted": false
                    },
                    "deposed": [],
                    "provider": ""
                },
                "aws_security_group.grn_sg": {
                    "type": "aws_security_group",
                    "depends_on": [
                        "aws_vpc.vpc"
                    ],
                    "primary": {
                        "id": "sg-bdbaf4d4",
                        "attributes": {
                            "description": "Managed by Terraform",
                            "egress.#": "0",
                            "id": "sg-bdbaf4d4",
                            "ingress.#": "2",
                            "ingress.380144205.cidr_blocks.#": "1",
                            "ingress.380144205.cidr_blocks.0": "81.97.16.0/24",
                            "ingress.380144205.from_port": "22",
                            "ingress.380144205.ipv6_cidr_blocks.#": "0",
                            "ingress.380144205.protocol": "tcp",
                            "ingress.380144205.security_groups.#": "0",
                            "ingress.380144205.self": "false",
                            "ingress.380144205.to_port": "22",
                            "ingress.4029120373.cidr_blocks.#": "2",
                            "ingress.4029120373.cidr_blocks.0": "10.0.3.0/24",
                            "ingress.4029120373.cidr_blocks.1": "10.0.4.0/24",
                            "ingress.4029120373.from_port": "3306",
                            "ingress.4029120373.ipv6_cidr_blocks.#": "0",
                            "ingress.4029120373.protocol": "tcp",
                            "ingress.4029120373.security_groups.#": "0",
                            "ingress.4029120373.self": "false",
                            "ingress.4029120373.to_port": "3306",
                            "name": "dev_grn_sg",
                            "owner_id": "100109945910",
                            "tags.%": "1",
                            "tags.Name": "dev_grn_sg",
                            "vpc_id": "vpc-c71990ae"
                        },
                        "meta": {},
                        "tainted": false
                    },
                    "deposed": [],
                    "provider": ""
                },
                "aws_security_group.red_sg": {
                    "type": "aws_security_group",
                    "depends_on": [
                        "aws_vpc.vpc"
                    ],
                    "primary": {
                        "id": "sg-abbdf3c2",
                        "attributes": {
                            "description": "Managed by Terraform",
                            "egress.#": "1",
                            "egress.1273800104.cidr_blocks.#": "2",
                            "egress.1273800104.cidr_blocks.0": "10.0.3.0/24",
                            "egress.1273800104.cidr_blocks.1": "10.0.4.0/24",
                            "egress.1273800104.from_port": "8080",
                            "egress.1273800104.ipv6_cidr_blocks.#": "0",
                            "egress.1273800104.prefix_list_ids.#": "0",
                            "egress.1273800104.protocol": "tcp",
                            "egress.1273800104.security_groups.#": "0",
                            "egress.1273800104.self": "false",
                            "egress.1273800104.to_port": "8080",
                            "id": "sg-abbdf3c2",
                            "ingress.#": "1",
                            "ingress.2214680975.cidr_blocks.#": "1",
                            "ingress.2214680975.cidr_blocks.0": "0.0.0.0/0",
                            "ingress.2214680975.from_port": "80",
                            "ingress.2214680975.ipv6_cidr_blocks.#": "0",
                            "ingress.2214680975.protocol": "tcp",
                            "ingress.2214680975.security_groups.#": "0",
                            "ingress.2214680975.self": "false",
                            "ingress.2214680975.to_port": "80",
                            "name": "dev_red_sg",
                            "owner_id": "100109945910",
                            "tags.%": "1",
                            "tags.Name": "dev_red_sg",
                            "vpc_id": "vpc-c71990ae"
                        },
                        "meta": {},
                        "tainted": false
                    },
                    "deposed": [],
                    "provider": ""
                },
                "aws_subnet.amb_sn_az_a": {
                    "type": "aws_subnet",
                    "depends_on": [
                        "aws_vpc.vpc"
                    ],
                    "primary": {
                        "id": "subnet-9bda64e0",
                        "attributes": {
                            "assign_ipv6_address_on_creation": "false",
                            "availability_zone": "eu-west-2a",
                            "cidr_block": "10.0.3.0/24",
                            "id": "subnet-9bda64e0",
                            "map_public_ip_on_launch": "true",
                            "tags.%": "1",
                            "tags.Name": "dev_amb_sn_az_a",
                            "vpc_id": "vpc-c71990ae"
                        },
                        "meta": {
                            "schema_version": "1"
                        },
                        "tainted": false
                    },
                    "deposed": [],
                    "provider": ""
                },
                "aws_subnet.amb_sn_az_b": {
                    "type": "aws_subnet",
                    "depends_on": [
                        "aws_vpc.vpc"
                    ],
                    "primary": {
                        "id": "subnet-7d38ec30",
                        "attributes": {
                            "assign_ipv6_address_on_creation": "false",
                            "availability_zone": "eu-west-2b",
                            "cidr_block": "10.0.4.0/24",
                            "id": "subnet-7d38ec30",
                            "map_public_ip_on_launch": "true",
                            "tags.%": "1",
                            "tags.Name": "dev_amb_sn_az_b",
                            "vpc_id": "vpc-c71990ae"
                        },
                        "meta": {
                            "schema_version": "1"
                        },
                        "tainted": false
                    },
                    "deposed": [],
                    "provider": ""
                },
                "aws_subnet.grn_sn_az_a": {
                    "type": "aws_subnet",
                    "depends_on": [
                        "aws_vpc.vpc"
                    ],
                    "primary": {
                        "id": "subnet-86db65fd",
                        "attributes": {
                            "assign_ipv6_address_on_creation": "false",
                            "availability_zone": "eu-west-2a",
                            "cidr_block": "10.0.5.0/24",
                            "id": "subnet-86db65fd",
                            "map_public_ip_on_launch": "false",
                            "tags.%": "1",
                            "tags.Name": "dev_grn_sn_az_a",
                            "vpc_id": "vpc-c71990ae"
                        },
                        "meta": {
                            "schema_version": "1"
                        },
                        "tainted": false
                    },
                    "deposed": [],
                    "provider": ""
                },
                "aws_subnet.grn_sn_az_b": {
                    "type": "aws_subnet",
                    "depends_on": [
                        "aws_vpc.vpc"
                    ],
                    "primary": {
                        "id": "subnet-c93bef84",
                        "attributes": {
                            "assign_ipv6_address_on_creation": "false",
                            "availability_zone": "eu-west-2b",
                            "cidr_block": "10.0.6.0/24",
                            "id": "subnet-c93bef84",
                            "map_public_ip_on_launch": "false",
                            "tags.%": "1",
                            "tags.Name": "dev_grn_sn_az_b",
                            "vpc_id": "vpc-c71990ae"
                        },
                        "meta": {
                            "schema_version": "1"
                        },
                        "tainted": false
                    },
                    "deposed": [],
                    "provider": ""
                },
                "aws_subnet.red_sn_az_a": {
                    "type": "aws_subnet",
                    "depends_on": [
                        "aws_vpc.vpc"
                    ],
                    "primary": {
                        "id": "subnet-5fda6424",
                        "attributes": {
                            "assign_ipv6_address_on_creation": "false",
                            "availability_zone": "eu-west-2a",
                            "cidr_block": "10.0.1.0/24",
                            "id": "subnet-5fda6424",
                            "map_public_ip_on_launch": "true",
                            "tags.%": "1",
                            "tags.Name": "dev_red_sn_az_a",
                            "vpc_id": "vpc-c71990ae"
                        },
                        "meta": {
                            "schema_version": "1"
                        },
                        "tainted": false
                    },
                    "deposed": [],
                    "provider": ""
                },
                "aws_subnet.red_sn_az_b": {
                    "type": "aws_subnet",
                    "depends_on": [
                        "aws_vpc.vpc"
                    ],
                    "primary": {
                        "id": "subnet-7e3bef33",
                        "attributes": {
                            "assign_ipv6_address_on_creation": "false",
                            "availability_zone": "eu-west-2b",
                            "cidr_block": "10.0.2.0/24",
                            "id": "subnet-7e3bef33",
                            "map_public_ip_on_launch": "true",
                            "tags.%": "1",
                            "tags.Name": "dev_red_sn_az_b",
                            "vpc_id": "vpc-c71990ae"
                        },
                        "meta": {
                            "schema_version": "1"
                        },
                        "tainted": false
                    },
                    "deposed": [],
                    "provider": ""
                },
                "aws_vpc.vpc": {
                    "type": "aws_vpc",
                    "depends_on": [],
                    "primary": {
                        "id": "vpc-c71990ae",
                        "attributes": {
                            "assign_generated_ipv6_cidr_block": "false",
                            "cidr_block": "10.0.0.0/16",
                            "default_network_acl_id": "acl-4aed7d23",
                            "default_route_table_id": "rtb-fd9f0394",
                            "default_security_group_id": "sg-30bdf359",
                            "dhcp_options_id": "dopt-64822e0d",
                            "enable_dns_hostnames": "true",
                            "enable_dns_support": "true",
                            "id": "vpc-c71990ae",
                            "instance_tenancy": "default",
                            "main_route_table_id": "rtb-fd9f0394",
                            "tags.%": "1",
                            "tags.Name": "dev_vpc"
                        },
                        "meta": {
                            "schema_version": "1"
                        },
                        "tainted": false
                    },
                    "deposed": [],
                    "provider": ""
                }
            },
            "depends_on": []
        }
    ]
}
